
Microsoft Visual Studio Solution File, Format Version 12.00
# Visual Studio Version 16
VisualStudioVersion = 16.0.30406.217
MinimumVisualStudioVersion = 10.0.40219.1
Project("{FAE04EC0-301F-11D3-BF4B-00C04F79EFBC}") = "MobileMoneyTutorial", "MobileMoneyTutorial\MobileMoneyTutorial.csproj", "{2F6B31E8-17AB-4080-95C3-17CB1B44B028}"
EndProject
Global
	GlobalSection(SolutionConfigurationPlatforms) = preSolution
		Debug|Any CPU = Debug|Any CPU
		Release|Any CPU = Release|Any CPU
	EndGlobalSection
	GlobalSection(ProjectConfigurationPlatforms) = postSolution
		{2F6B31E8-17AB-4080-95C3-17CB1B44B028}.Debug|Any CPU.ActiveCfg = Debug|Any CPU
		{2F6B31E8-17AB-4080-95C3-17CB1B44B028}.Debug|Any CPU.Build.0 = Debug|Any CPU
		{2F6B31E8-17AB-4080-95C3-17CB1B44B028}.Release|Any CPU.ActiveCfg = Release|Any CPU
		{2F6B31E8-17AB-4080-95C3-17CB1B44B028}.Release|Any CPU.Build.0 = Release|Any CPU
	EndGlobalSection
	GlobalSection(SolutionProperties) = preSolution
		HideSolutionNode = FALSE
	EndGlobalSection
	GlobalSection(ExtensibilityGlobals) = postSolution
		SolutionGuid = {6A47B288-C7A4-46FC-BC52-592848EEC318}
	EndGlobalSection
EndGlobal
